
Microsoft Visual Studio Solution File, Format Version 11.00
# Visual Studio 2010
Project("{2150E333-8FDC-42A3-9474-1A3956D46DE8}") = "Client", "Client", "{9CF83B33-DDD3-4E74-AF6B-73035E818E5C}"
EndProject
Project("{2150E333-8FDC-42A3-9474-1A3956D46DE8}") = "Client.WPF", "Client.WPF", "{6784F2DE-A3D6-4F22-A544-657002973199}"
EndProject
Project("{2150E333-8FDC-42A3-9474-1A3956D46DE8}") = "Server", "Server", "{A6B93D0C-0E5C-4158-907E-DAB0DDF92311}"
EndProject
Project("{FAE04EC0-301F-11D3-BF4B-00C04F79EFBC}") = "XERP.Client", "XERP.Client\XERP.Client.csproj", "{00D7A8A5-DC13-4D16-BB53-96B2F23CD5D0}"
EndProject
Project("{FAE04EC0-301F-11D3-BF4B-00C04F79EFBC}") = "XERP.Client.WPF", "XERP.Client\XERP.Client.WPF\XERP.Client.WPF.csproj", "{7F99A10A-2A68-48DA-B7F4-E09C14790BE0}"
EndProject
Project("{2150E333-8FDC-42A3-9474-1A3956D46DE8}") = "Server.DAL", "Server.DAL", "{39D76CAC-EA98-417B-B1EF-D8851F8DF885}"
EndProject
Project("{2150E333-8FDC-42A3-9474-1A3956D46DE8}") = "Server.Service", "Server.Service", "{4E5360EF-BCD7-4F8D-B992-230F6C5FEC04}"
EndProject
Project("{FAE04EC0-301F-11D3-BF4B-00C04F79EFBC}") = "XERP.Server.Service", "XERP.Server\XERP.Server.Service\XERP.Server.Service.csproj", "{4F54EFA2-8105-4680-997E-DCB8A7231D36}"
EndProject
Project("{FAE04EC0-301F-11D3-BF4B-00C04F79EFBC}") = "XERP.Server.DAL.CompanyDAL", "XERP.Server\XERP.Server.DAL\XERP.Server.DAL.CompanyDAL\XERP.Server.DAL.CompanyDAL.csproj", "{AD7292D4-F745-48BF-9A68-19DCB26F052E}"
EndProject
Project("{FAE04EC0-301F-11D3-BF4B-00C04F79EFBC}") = "XERP.Server.DAL", "XERP.Server\XERP.Server.DAL\XERP.Server.DAL.csproj", "{0B90936F-9E33-4106-B9D0-F879C55474EF}"
EndProject
Project("{FAE04EC0-301F-11D3-BF4B-00C04F79EFBC}") = "XERP.Server.Service.CompanyService", "XERP.Server\XERP.Server.Service\XERP.Server.Service.CompanyService\XERP.Server.Service.CompanyService.csproj", "{91D63550-91BE-43AD-9663-2117B7D2E92A}"
EndProject
Project("{FAE04EC0-301F-11D3-BF4B-00C04F79EFBC}") = "XERP.Server", "XERP.Server\XERP.Server.csproj", "{57537EF0-8B19-4FCA-AD39-0A08A25B51B9}"
EndProject
Project("{FAE04EC0-301F-11D3-BF4B-00C04F79EFBC}") = "SimpleMvvmToolkit-WPF", "XERP.Client\SimpleMvvm-Source\WPF\SimpleMvvmToolkit-WPF\SimpleMvvmToolkit-WPF.csproj", "{6A6DD3AB-484B-48FD-8BE7-107728A26341}"
EndProject
Project("{FAE04EC0-301F-11D3-BF4B-00C04F79EFBC}") = "XERP.Client.WPF.CompanyMaintenance", "XERP.Client\XERP.Client.WPF\XERP.Client.WPF.CompanyMaintenance\XERP.Client.WPF.CompanyMaintenance.csproj", "{13F89664-A2A4-4E1A-9566-F8BCFD49DA24}"
EndProject
Project("{FAE04EC0-301F-11D3-BF4B-00C04F79EFBC}") = "XERP.Client.WPF.LogIn", "XERP.Client\XERP.Client.WPF\XERP.Client.WPF.LogIn\XERP.Client.WPF.LogIn.csproj", "{6201296D-4907-46E1-A57E-A2357B0AF04C}"
EndProject
Project("{FAE04EC0-301F-11D3-BF4B-00C04F79EFBC}") = "XERP.Server.DAL.LogInDAL", "XERP.Server\XERP.Server.DAL\XERP.Server.DAL.LogInDAL\XERP.Server.DAL.LogInDAL.csproj", "{7D934FBB-4733-45A5-8270-0086950C5E1E}"
EndProject
Project("{FAE04EC0-301F-11D3-BF4B-00C04F79EFBC}") = "XERP.Server.DAL.MenuSecurityDAL", "XERP.Server\XERP.Server.DAL\XERP.Server.DAL.MenuSecurityDAL\XERP.Server.DAL.MenuSecurityDAL.csproj", "{0B1200B4-72A4-455D-8D6D-1FEEA66BC8F8}"
EndProject
Project("{FAE04EC0-301F-11D3-BF4B-00C04F79EFBC}") = "XERP.Server.Service.LogInService", "XERP.Server\XERP.Server.Service\XERP.Server.Service.LogInService\XERP.Server.Service.LogInService.csproj", "{0A0F1033-3A63-4E0A-B7C3-48A410643D90}"
EndProject
Project("{FAE04EC0-301F-11D3-BF4B-00C04F79EFBC}") = "XERP.Server.Service.MenuSecurityService", "XERP.Server\XERP.Server.Service\XERP.Server.Service.MenuSecurityService\XERP.Server.Service.MenuSecurityService.csproj", "{31A85926-DAC1-4023-BDDD-DDE878C396A5}"
EndProject
Project("{2150E333-8FDC-42A3-9474-1A3956D46DE8}") = "Domain", "Domain", "{59C5C818-26F7-49F6-BB87-4BCD1B2B771F}"
EndProject
Project("{FAE04EC0-301F-11D3-BF4B-00C04F79EFBC}") = "XERP.Domain", "XERP.Domain\XERP.Domain.csproj", "{37A9326D-E256-4081-A7C8-D8CE855CFD4F}"
EndProject
Project("{FAE04EC0-301F-11D3-BF4B-00C04F79EFBC}") = "XERP.CompanyDomain", "XERP.Domain\XERP.Domain.Company\XERP.CompanyDomain.csproj", "{BD885A22-1E9F-494A-ADAD-6D1176CC41D7}"
EndProject
Project("{FAE04EC0-301F-11D3-BF4B-00C04F79EFBC}") = "XERP.LogInDomain", "XERP.Domain\XERP.LogInDomain\XERP.LogInDomain.csproj", "{538AA948-4EBD-4291-A4D2-B5DA3B9D1B2F}"
EndProject
Project("{FAE04EC0-301F-11D3-BF4B-00C04F79EFBC}") = "XERP.MenuSecurityDomain", "XERP.Domain\XERP.MenuSecurityDomain\XERP.MenuSecurityDomain.csproj", "{FFFC0625-D8A2-4E35-9D2E-43392A765996}"
EndProject
Project("{FAE04EC0-301F-11D3-BF4B-00C04F79EFBC}") = "XERP.Client.WPF.MainMenu", "XERP.Client\XERP.Client.WPF\XERP.Client.WPF.MainMenu\XERP.Client.WPF.MainMenu.csproj", "{5B2BB1A0-F2FE-4D88-9A67-52C578BFE98D}"
EndProject
Project("{FAE04EC0-301F-11D3-BF4B-00C04F79EFBC}") = "XERP.Server.Service.SystemUserService", "XERP.Server\XERP.Server.Service\XERP.Server.Service.SystemUserService\XERP.Server.Service.SystemUserService.csproj", "{7C262883-F62D-454B-AAB1-372B025D488D}"
EndProject
Project("{FAE04EC0-301F-11D3-BF4B-00C04F79EFBC}") = "XERP.Server.DAL.SystemUserDAL", "XERP.Server\XERP.Server.DAL\XERP.Server.DAL.SystemUserDAL\XERP.Server.DAL.SystemUserDAL.csproj", "{20F37A87-7914-4268-B14F-413BC265BDC1}"
EndProject
Global
	GlobalSection(SolutionConfigurationPlatforms) = preSolution
		Debug|Any CPU = Debug|Any CPU
		Debug|Mixed Platforms = Debug|Mixed Platforms
		Debug|Win32 = Debug|Win32
		Debug|x86 = Debug|x86
		Release|Any CPU = Release|Any CPU
		Release|Mixed Platforms = Release|Mixed Platforms
		Release|Win32 = Release|Win32
		Release|x86 = Release|x86
	EndGlobalSection
	GlobalSection(ProjectConfigurationPlatforms) = postSolution
		{00D7A8A5-DC13-4D16-BB53-96B2F23CD5D0}.Debug|Any CPU.ActiveCfg = Debug|x86
		{00D7A8A5-DC13-4D16-BB53-96B2F23CD5D0}.Debug|Mixed Platforms.ActiveCfg = Debug|x86
		{00D7A8A5-DC13-4D16-BB53-96B2F23CD5D0}.Debug|Mixed Platforms.Build.0 = Debug|x86
		{00D7A8A5-DC13-4D16-BB53-96B2F23CD5D0}.Debug|Win32.ActiveCfg = Debug|x86
		{00D7A8A5-DC13-4D16-BB53-96B2F23CD5D0}.Debug|x86.ActiveCfg = Debug|x86
		{00D7A8A5-DC13-4D16-BB53-96B2F23CD5D0}.Debug|x86.Build.0 = Debug|x86
		{00D7A8A5-DC13-4D16-BB53-96B2F23CD5D0}.Release|Any CPU.ActiveCfg = Release|x86
		{00D7A8A5-DC13-4D16-BB53-96B2F23CD5D0}.Release|Mixed Platforms.ActiveCfg = Release|x86
		{00D7A8A5-DC13-4D16-BB53-96B2F23CD5D0}.Release|Mixed Platforms.Build.0 = Release|x86
		{00D7A8A5-DC13-4D16-BB53-96B2F23CD5D0}.Release|Win32.ActiveCfg = Release|x86
		{00D7A8A5-DC13-4D16-BB53-96B2F23CD5D0}.Release|x86.ActiveCfg = Release|x86
		{00D7A8A5-DC13-4D16-BB53-96B2F23CD5D0}.Release|x86.Build.0 = Release|x86
		{7F99A10A-2A68-48DA-B7F4-E09C14790BE0}.Debug|Any CPU.ActiveCfg = Debug|x86
		{7F99A10A-2A68-48DA-B7F4-E09C14790BE0}.Debug|Mixed Platforms.ActiveCfg = Debug|x86
		{7F99A10A-2A68-48DA-B7F4-E09C14790BE0}.Debug|Mixed Platforms.Build.0 = Debug|x86
		{7F99A10A-2A68-48DA-B7F4-E09C14790BE0}.Debug|Win32.ActiveCfg = Debug|x86
		{7F99A10A-2A68-48DA-B7F4-E09C14790BE0}.Debug|x86.ActiveCfg = Debug|x86
		{7F99A10A-2A68-48DA-B7F4-E09C14790BE0}.Debug|x86.Build.0 = Debug|x86
		{7F99A10A-2A68-48DA-B7F4-E09C14790BE0}.Release|Any CPU.ActiveCfg = Release|x86
		{7F99A10A-2A68-48DA-B7F4-E09C14790BE0}.Release|Mixed Platforms.ActiveCfg = Release|x86
		{7F99A10A-2A68-48DA-B7F4-E09C14790BE0}.Release|Mixed Platforms.Build.0 = Release|x86
		{7F99A10A-2A68-48DA-B7F4-E09C14790BE0}.Release|Win32.ActiveCfg = Release|x86
		{7F99A10A-2A68-48DA-B7F4-E09C14790BE0}.Release|x86.ActiveCfg = Release|x86
		{7F99A10A-2A68-48DA-B7F4-E09C14790BE0}.Release|x86.Build.0 = Release|x86
		{4F54EFA2-8105-4680-997E-DCB8A7231D36}.Debug|Any CPU.ActiveCfg = Debug|Any CPU
		{4F54EFA2-8105-4680-997E-DCB8A7231D36}.Debug|Any CPU.Build.0 = Debug|Any CPU
		{4F54EFA2-8105-4680-997E-DCB8A7231D36}.Debug|Mixed Platforms.ActiveCfg = Debug|Any CPU
		{4F54EFA2-8105-4680-997E-DCB8A7231D36}.Debug|Mixed Platforms.Build.0 = Debug|Any CPU
		{4F54EFA2-8105-4680-997E-DCB8A7231D36}.Debug|Win32.ActiveCfg = Debug|Any CPU
		{4F54EFA2-8105-4680-997E-DCB8A7231D36}.Debug|x86.ActiveCfg = Debug|Any CPU
		{4F54EFA2-8105-4680-997E-DCB8A7231D36}.Release|Any CPU.ActiveCfg = Release|Any CPU
		{4F54EFA2-8105-4680-997E-DCB8A7231D36}.Release|Any CPU.Build.0 = Release|Any CPU
		{4F54EFA2-8105-4680-997E-DCB8A7231D36}.Release|Mixed Platforms.ActiveCfg = Release|Any CPU
		{4F54EFA2-8105-4680-997E-DCB8A7231D36}.Release|Mixed Platforms.Build.0 = Release|Any CPU
		{4F54EFA2-8105-4680-997E-DCB8A7231D36}.Release|Win32.ActiveCfg = Release|Any CPU
		{4F54EFA2-8105-4680-997E-DCB8A7231D36}.Release|x86.ActiveCfg = Release|Any CPU
		{AD7292D4-F745-48BF-9A68-19DCB26F052E}.Debug|Any CPU.ActiveCfg = Debug|x86
		{AD7292D4-F745-48BF-9A68-19DCB26F052E}.Debug|Mixed Platforms.ActiveCfg = Debug|x86
		{AD7292D4-F745-48BF-9A68-19DCB26F052E}.Debug|Mixed Platforms.Build.0 = Debug|x86
		{AD7292D4-F745-48BF-9A68-19DCB26F052E}.Debug|Win32.ActiveCfg = Debug|x86
		{AD7292D4-F745-48BF-9A68-19DCB26F052E}.Debug|x86.ActiveCfg = Debug|x86
		{AD7292D4-F745-48BF-9A68-19DCB26F052E}.Debug|x86.Build.0 = Debug|x86
		{AD7292D4-F745-48BF-9A68-19DCB26F052E}.Release|Any CPU.ActiveCfg = Release|x86
		{AD7292D4-F745-48BF-9A68-19DCB26F052E}.Release|Mixed Platforms.ActiveCfg = Release|x86
		{AD7292D4-F745-48BF-9A68-19DCB26F052E}.Release|Mixed Platforms.Build.0 = Release|x86
		{AD7292D4-F745-48BF-9A68-19DCB26F052E}.Release|Win32.ActiveCfg = Release|x86
		{AD7292D4-F745-48BF-9A68-19DCB26F052E}.Release|x86.ActiveCfg = Release|x86
		{AD7292D4-F745-48BF-9A68-19DCB26F052E}.Release|x86.Build.0 = Release|x86
		{0B90936F-9E33-4106-B9D0-F879C55474EF}.Debug|Any CPU.ActiveCfg = Debug|x86
		{0B90936F-9E33-4106-B9D0-F879C55474EF}.Debug|Mixed Platforms.ActiveCfg = Debug|x86
		{0B90936F-9E33-4106-B9D0-F879C55474EF}.Debug|Mixed Platforms.Build.0 = Debug|x86
		{0B90936F-9E33-4106-B9D0-F879C55474EF}.Debug|Win32.ActiveCfg = Debug|x86
		{0B90936F-9E33-4106-B9D0-F879C55474EF}.Debug|x86.ActiveCfg = Debug|x86
		{0B90936F-9E33-4106-B9D0-F879C55474EF}.Debug|x86.Build.0 = Debug|x86
		{0B90936F-9E33-4106-B9D0-F879C55474EF}.Release|Any CPU.ActiveCfg = Release|x86
		{0B90936F-9E33-4106-B9D0-F879C55474EF}.Release|Mixed Platforms.ActiveCfg = Release|x86
		{0B90936F-9E33-4106-B9D0-F879C55474EF}.Release|Mixed Platforms.Build.0 = Release|x86
		{0B90936F-9E33-4106-B9D0-F879C55474EF}.Release|Win32.ActiveCfg = Release|x86
		{0B90936F-9E33-4106-B9D0-F879C55474EF}.Release|x86.ActiveCfg = Release|x86
		{0B90936F-9E33-4106-B9D0-F879C55474EF}.Release|x86.Build.0 = Release|x86
		{91D63550-91BE-43AD-9663-2117B7D2E92A}.Debug|Any CPU.ActiveCfg = Debug|Any CPU
		{91D63550-91BE-43AD-9663-2117B7D2E92A}.Debug|Any CPU.Build.0 = Debug|Any CPU
		{91D63550-91BE-43AD-9663-2117B7D2E92A}.Debug|Mixed Platforms.ActiveCfg = Debug|Any CPU
		{91D63550-91BE-43AD-9663-2117B7D2E92A}.Debug|Mixed Platforms.Build.0 = Debug|Any CPU
		{91D63550-91BE-43AD-9663-2117B7D2E92A}.Debug|Win32.ActiveCfg = Debug|Any CPU
		{91D63550-91BE-43AD-9663-2117B7D2E92A}.Debug|x86.ActiveCfg = Debug|Any CPU
		{91D63550-91BE-43AD-9663-2117B7D2E92A}.Release|Any CPU.ActiveCfg = Release|Any CPU
		{91D63550-91BE-43AD-9663-2117B7D2E92A}.Release|Any CPU.Build.0 = Release|Any CPU
		{91D63550-91BE-43AD-9663-2117B7D2E92A}.Release|Mixed Platforms.ActiveCfg = Release|Any CPU
		{91D63550-91BE-43AD-9663-2117B7D2E92A}.Release|Mixed Platforms.Build.0 = Release|Any CPU
		{91D63550-91BE-43AD-9663-2117B7D2E92A}.Release|Win32.ActiveCfg = Release|Any CPU
		{91D63550-91BE-43AD-9663-2117B7D2E92A}.Release|x86.ActiveCfg = Release|Any CPU
		{57537EF0-8B19-4FCA-AD39-0A08A25B51B9}.Debug|Any CPU.ActiveCfg = Debug|x86
		{57537EF0-8B19-4FCA-AD39-0A08A25B51B9}.Debug|Mixed Platforms.ActiveCfg = Debug|x86
		{57537EF0-8B19-4FCA-AD39-0A08A25B51B9}.Debug|Mixed Platforms.Build.0 = Debug|x86
		{57537EF0-8B19-4FCA-AD39-0A08A25B51B9}.Debug|Win32.ActiveCfg = Debug|x86
		{57537EF0-8B19-4FCA-AD39-0A08A25B51B9}.Debug|x86.ActiveCfg = Debug|x86
		{57537EF0-8B19-4FCA-AD39-0A08A25B51B9}.Debug|x86.Build.0 = Debug|x86
		{57537EF0-8B19-4FCA-AD39-0A08A25B51B9}.Release|Any CPU.ActiveCfg = Release|x86
		{57537EF0-8B19-4FCA-AD39-0A08A25B51B9}.Release|Mixed Platforms.ActiveCfg = Release|x86
		{57537EF0-8B19-4FCA-AD39-0A08A25B51B9}.Release|Mixed Platforms.Build.0 = Release|x86
		{57537EF0-8B19-4FCA-AD39-0A08A25B51B9}.Release|Win32.ActiveCfg = Release|x86
		{57537EF0-8B19-4FCA-AD39-0A08A25B51B9}.Release|x86.ActiveCfg = Release|x86
		{57537EF0-8B19-4FCA-AD39-0A08A25B51B9}.Release|x86.Build.0 = Release|x86
		{6A6DD3AB-484B-48FD-8BE7-107728A26341}.Debug|Any CPU.ActiveCfg = Debug|Any CPU
		{6A6DD3AB-484B-48FD-8BE7-107728A26341}.Debug|Any CPU.Build.0 = Debug|Any CPU
		{6A6DD3AB-484B-48FD-8BE7-107728A26341}.Debug|Mixed Platforms.ActiveCfg = Debug|Any CPU
		{6A6DD3AB-484B-48FD-8BE7-107728A26341}.Debug|Mixed Platforms.Build.0 = Debug|Any CPU
		{6A6DD3AB-484B-48FD-8BE7-107728A26341}.Debug|Win32.ActiveCfg = Debug|Any CPU
		{6A6DD3AB-484B-48FD-8BE7-107728A26341}.Debug|x86.ActiveCfg = Debug|Any CPU
		{6A6DD3AB-484B-48FD-8BE7-107728A26341}.Release|Any CPU.ActiveCfg = Release|Any CPU
		{6A6DD3AB-484B-48FD-8BE7-107728A26341}.Release|Any CPU.Build.0 = Release|Any CPU
		{6A6DD3AB-484B-48FD-8BE7-107728A26341}.Release|Mixed Platforms.ActiveCfg = Release|Any CPU
		{6A6DD3AB-484B-48FD-8BE7-107728A26341}.Release|Mixed Platforms.Build.0 = Release|Any CPU
		{6A6DD3AB-484B-48FD-8BE7-107728A26341}.Release|Win32.ActiveCfg = Release|Any CPU
		{6A6DD3AB-484B-48FD-8BE7-107728A26341}.Release|x86.ActiveCfg = Release|Any CPU
		{13F89664-A2A4-4E1A-9566-F8BCFD49DA24}.Debug|Any CPU.ActiveCfg = Debug|x86
		{13F89664-A2A4-4E1A-9566-F8BCFD49DA24}.Debug|Mixed Platforms.ActiveCfg = Debug|x86
		{13F89664-A2A4-4E1A-9566-F8BCFD49DA24}.Debug|Mixed Platforms.Build.0 = Debug|x86
		{13F89664-A2A4-4E1A-9566-F8BCFD49DA24}.Debug|Win32.ActiveCfg = Debug|x86
		{13F89664-A2A4-4E1A-9566-F8BCFD49DA24}.Debug|x86.ActiveCfg = Debug|x86
		{13F89664-A2A4-4E1A-9566-F8BCFD49DA24}.Debug|x86.Build.0 = Debug|x86
		{13F89664-A2A4-4E1A-9566-F8BCFD49DA24}.Release|Any CPU.ActiveCfg = Release|x86
		{13F89664-A2A4-4E1A-9566-F8BCFD49DA24}.Release|Mixed Platforms.ActiveCfg = Release|x86
		{13F89664-A2A4-4E1A-9566-F8BCFD49DA24}.Release|Mixed Platforms.Build.0 = Release|x86
		{13F89664-A2A4-4E1A-9566-F8BCFD49DA24}.Release|Win32.ActiveCfg = Release|x86
		{13F89664-A2A4-4E1A-9566-F8BCFD49DA24}.Release|x86.ActiveCfg = Release|x86
		{13F89664-A2A4-4E1A-9566-F8BCFD49DA24}.Release|x86.Build.0 = Release|x86
		{6201296D-4907-46E1-A57E-A2357B0AF04C}.Debug|Any CPU.ActiveCfg = Debug|x86
		{6201296D-4907-46E1-A57E-A2357B0AF04C}.Debug|Mixed Platforms.ActiveCfg = Debug|x86
		{6201296D-4907-46E1-A57E-A2357B0AF04C}.Debug|Mixed Platforms.Build.0 = Debug|x86
		{6201296D-4907-46E1-A57E-A2357B0AF04C}.Debug|Win32.ActiveCfg = Debug|x86
		{6201296D-4907-46E1-A57E-A2357B0AF04C}.Debug|x86.ActiveCfg = Debug|x86
		{6201296D-4907-46E1-A57E-A2357B0AF04C}.Debug|x86.Build.0 = Debug|x86
		{6201296D-4907-46E1-A57E-A2357B0AF04C}.Release|Any CPU.ActiveCfg = Release|x86
		{6201296D-4907-46E1-A57E-A2357B0AF04C}.Release|Mixed Platforms.ActiveCfg = Release|x86
		{6201296D-4907-46E1-A57E-A2357B0AF04C}.Release|Mixed Platforms.Build.0 = Release|x86
		{6201296D-4907-46E1-A57E-A2357B0AF04C}.Release|Win32.ActiveCfg = Release|x86
		{6201296D-4907-46E1-A57E-A2357B0AF04C}.Release|x86.ActiveCfg = Release|x86
		{6201296D-4907-46E1-A57E-A2357B0AF04C}.Release|x86.Build.0 = Release|x86
		{7D934FBB-4733-45A5-8270-0086950C5E1E}.Debug|Any CPU.ActiveCfg = Debug|x86
		{7D934FBB-4733-45A5-8270-0086950C5E1E}.Debug|Mixed Platforms.ActiveCfg = Debug|x86
		{7D934FBB-4733-45A5-8270-0086950C5E1E}.Debug|Mixed Platforms.Build.0 = Debug|x86
		{7D934FBB-4733-45A5-8270-0086950C5E1E}.Debug|Win32.ActiveCfg = Debug|x86
		{7D934FBB-4733-45A5-8270-0086950C5E1E}.Debug|x86.ActiveCfg = Debug|x86
		{7D934FBB-4733-45A5-8270-0086950C5E1E}.Debug|x86.Build.0 = Debug|x86
		{7D934FBB-4733-45A5-8270-0086950C5E1E}.Release|Any CPU.ActiveCfg = Release|x86
		{7D934FBB-4733-45A5-8270-0086950C5E1E}.Release|Mixed Platforms.ActiveCfg = Release|x86
		{7D934FBB-4733-45A5-8270-0086950C5E1E}.Release|Mixed Platforms.Build.0 = Release|x86
		{7D934FBB-4733-45A5-8270-0086950C5E1E}.Release|Win32.ActiveCfg = Release|x86
		{7D934FBB-4733-45A5-8270-0086950C5E1E}.Release|x86.ActiveCfg = Release|x86
		{7D934FBB-4733-45A5-8270-0086950C5E1E}.Release|x86.Build.0 = Release|x86
		{0B1200B4-72A4-455D-8D6D-1FEEA66BC8F8}.Debug|Any CPU.ActiveCfg = Debug|x86
		{0B1200B4-72A4-455D-8D6D-1FEEA66BC8F8}.Debug|Mixed Platforms.ActiveCfg = Debug|x86
		{0B1200B4-72A4-455D-8D6D-1FEEA66BC8F8}.Debug|Mixed Platforms.Build.0 = Debug|x86
		{0B1200B4-72A4-455D-8D6D-1FEEA66BC8F8}.Debug|Win32.ActiveCfg = Debug|x86
		{0B1200B4-72A4-455D-8D6D-1FEEA66BC8F8}.Debug|x86.ActiveCfg = Debug|x86
		{0B1200B4-72A4-455D-8D6D-1FEEA66BC8F8}.Debug|x86.Build.0 = Debug|x86
		{0B1200B4-72A4-455D-8D6D-1FEEA66BC8F8}.Release|Any CPU.ActiveCfg = Release|x86
		{0B1200B4-72A4-455D-8D6D-1FEEA66BC8F8}.Release|Mixed Platforms.ActiveCfg = Release|x86
		{0B1200B4-72A4-455D-8D6D-1FEEA66BC8F8}.Release|Mixed Platforms.Build.0 = Release|x86
		{0B1200B4-72A4-455D-8D6D-1FEEA66BC8F8}.Release|Win32.ActiveCfg = Release|x86
		{0B1200B4-72A4-455D-8D6D-1FEEA66BC8F8}.Release|x86.ActiveCfg = Release|x86
		{0B1200B4-72A4-455D-8D6D-1FEEA66BC8F8}.Release|x86.Build.0 = Release|x86
		{0A0F1033-3A63-4E0A-B7C3-48A410643D90}.Debug|Any CPU.ActiveCfg = Debug|Any CPU
		{0A0F1033-3A63-4E0A-B7C3-48A410643D90}.Debug|Any CPU.Build.0 = Debug|Any CPU
		{0A0F1033-3A63-4E0A-B7C3-48A410643D90}.Debug|Mixed Platforms.ActiveCfg = Debug|Any CPU
		{0A0F1033-3A63-4E0A-B7C3-48A410643D90}.Debug|Mixed Platforms.Build.0 = Debug|Any CPU
		{0A0F1033-3A63-4E0A-B7C3-48A410643D90}.Debug|Win32.ActiveCfg = Debug|Any CPU
		{0A0F1033-3A63-4E0A-B7C3-48A410643D90}.Debug|x86.ActiveCfg = Debug|Any CPU
		{0A0F1033-3A63-4E0A-B7C3-48A410643D90}.Release|Any CPU.ActiveCfg = Release|Any CPU
		{0A0F1033-3A63-4E0A-B7C3-48A410643D90}.Release|Any CPU.Build.0 = Release|Any CPU
		{0A0F1033-3A63-4E0A-B7C3-48A410643D90}.Release|Mixed Platforms.ActiveCfg = Release|Any CPU
		{0A0F1033-3A63-4E0A-B7C3-48A410643D90}.Release|Mixed Platforms.Build.0 = Release|Any CPU
		{0A0F1033-3A63-4E0A-B7C3-48A410643D90}.Release|Win32.ActiveCfg = Release|Any CPU
		{0A0F1033-3A63-4E0A-B7C3-48A410643D90}.Release|x86.ActiveCfg = Release|Any CPU
		{31A85926-DAC1-4023-BDDD-DDE878C396A5}.Debug|Any CPU.ActiveCfg = Debug|Any CPU
		{31A85926-DAC1-4023-BDDD-DDE878C396A5}.Debug|Any CPU.Build.0 = Debug|Any CPU
		{31A85926-DAC1-4023-BDDD-DDE878C396A5}.Debug|Mixed Platforms.ActiveCfg = Debug|Any CPU
		{31A85926-DAC1-4023-BDDD-DDE878C396A5}.Debug|Mixed Platforms.Build.0 = Debug|Any CPU
		{31A85926-DAC1-4023-BDDD-DDE878C396A5}.Debug|Win32.ActiveCfg = Debug|Any CPU
		{31A85926-DAC1-4023-BDDD-DDE878C396A5}.Debug|x86.ActiveCfg = Debug|Any CPU
		{31A85926-DAC1-4023-BDDD-DDE878C396A5}.Release|Any CPU.ActiveCfg = Release|Any CPU
		{31A85926-DAC1-4023-BDDD-DDE878C396A5}.Release|Any CPU.Build.0 = Release|Any CPU
		{31A85926-DAC1-4023-BDDD-DDE878C396A5}.Release|Mixed Platforms.ActiveCfg = Release|Any CPU
		{31A85926-DAC1-4023-BDDD-DDE878C396A5}.Release|Mixed Platforms.Build.0 = Release|Any CPU
		{31A85926-DAC1-4023-BDDD-DDE878C396A5}.Release|Win32.ActiveCfg = Release|Any CPU
		{31A85926-DAC1-4023-BDDD-DDE878C396A5}.Release|x86.ActiveCfg = Release|Any CPU
		{37A9326D-E256-4081-A7C8-D8CE855CFD4F}.Debug|Any CPU.ActiveCfg = Debug|x86
		{37A9326D-E256-4081-A7C8-D8CE855CFD4F}.Debug|Mixed Platforms.ActiveCfg = Debug|x86
		{37A9326D-E256-4081-A7C8-D8CE855CFD4F}.Debug|Mixed Platforms.Build.0 = Debug|x86
		{37A9326D-E256-4081-A7C8-D8CE855CFD4F}.Debug|Win32.ActiveCfg = Debug|x86
		{37A9326D-E256-4081-A7C8-D8CE855CFD4F}.Debug|x86.ActiveCfg = Debug|x86
		{37A9326D-E256-4081-A7C8-D8CE855CFD4F}.Debug|x86.Build.0 = Debug|x86
		{37A9326D-E256-4081-A7C8-D8CE855CFD4F}.Release|Any CPU.ActiveCfg = Release|x86
		{37A9326D-E256-4081-A7C8-D8CE855CFD4F}.Release|Mixed Platforms.ActiveCfg = Release|x86
		{37A9326D-E256-4081-A7C8-D8CE855CFD4F}.Release|Mixed Platforms.Build.0 = Release|x86
		{37A9326D-E256-4081-A7C8-D8CE855CFD4F}.Release|Win32.ActiveCfg = Release|x86
		{37A9326D-E256-4081-A7C8-D8CE855CFD4F}.Release|x86.ActiveCfg = Release|x86
		{37A9326D-E256-4081-A7C8-D8CE855CFD4F}.Release|x86.Build.0 = Release|x86
		{BD885A22-1E9F-494A-ADAD-6D1176CC41D7}.Debug|Any CPU.ActiveCfg = Debug|x86
		{BD885A22-1E9F-494A-ADAD-6D1176CC41D7}.Debug|Mixed Platforms.ActiveCfg = Debug|x86
		{BD885A22-1E9F-494A-ADAD-6D1176CC41D7}.Debug|Mixed Platforms.Build.0 = Debug|x86
		{BD885A22-1E9F-494A-ADAD-6D1176CC41D7}.Debug|Win32.ActiveCfg = Debug|x86
		{BD885A22-1E9F-494A-ADAD-6D1176CC41D7}.Debug|x86.ActiveCfg = Debug|x86
		{BD885A22-1E9F-494A-ADAD-6D1176CC41D7}.Debug|x86.Build.0 = Debug|x86
		{BD885A22-1E9F-494A-ADAD-6D1176CC41D7}.Release|Any CPU.ActiveCfg = Release|x86
		{BD885A22-1E9F-494A-ADAD-6D1176CC41D7}.Release|Mixed Platforms.ActiveCfg = Release|x86
		{BD885A22-1E9F-494A-ADAD-6D1176CC41D7}.Release|Mixed Platforms.Build.0 = Release|x86
		{BD885A22-1E9F-494A-ADAD-6D1176CC41D7}.Release|Win32.ActiveCfg = Release|x86
		{BD885A22-1E9F-494A-ADAD-6D1176CC41D7}.Release|x86.ActiveCfg = Release|x86
		{BD885A22-1E9F-494A-ADAD-6D1176CC41D7}.Release|x86.Build.0 = Release|x86
		{538AA948-4EBD-4291-A4D2-B5DA3B9D1B2F}.Debug|Any CPU.ActiveCfg = Debug|x86
		{538AA948-4EBD-4291-A4D2-B5DA3B9D1B2F}.Debug|Mixed Platforms.ActiveCfg = Debug|x86
		{538AA948-4EBD-4291-A4D2-B5DA3B9D1B2F}.Debug|Mixed Platforms.Build.0 = Debug|x86
		{538AA948-4EBD-4291-A4D2-B5DA3B9D1B2F}.Debug|Win32.ActiveCfg = Debug|x86
		{538AA948-4EBD-4291-A4D2-B5DA3B9D1B2F}.Debug|x86.ActiveCfg = Debug|x86
		{538AA948-4EBD-4291-A4D2-B5DA3B9D1B2F}.Debug|x86.Build.0 = Debug|x86
		{538AA948-4EBD-4291-A4D2-B5DA3B9D1B2F}.Release|Any CPU.ActiveCfg = Release|x86
		{538AA948-4EBD-4291-A4D2-B5DA3B9D1B2F}.Release|Mixed Platforms.ActiveCfg = Release|x86
		{538AA948-4EBD-4291-A4D2-B5DA3B9D1B2F}.Release|Mixed Platforms.Build.0 = Release|x86
		{538AA948-4EBD-4291-A4D2-B5DA3B9D1B2F}.Release|Win32.ActiveCfg = Release|x86
		{538AA948-4EBD-4291-A4D2-B5DA3B9D1B2F}.Release|x86.ActiveCfg = Release|x86
		{538AA948-4EBD-4291-A4D2-B5DA3B9D1B2F}.Release|x86.Build.0 = Release|x86
		{FFFC0625-D8A2-4E35-9D2E-43392A765996}.Debug|Any CPU.ActiveCfg = Debug|x86
		{FFFC0625-D8A2-4E35-9D2E-43392A765996}.Debug|Mixed Platforms.ActiveCfg = Debug|x86
		{FFFC0625-D8A2-4E35-9D2E-43392A765996}.Debug|Mixed Platforms.Build.0 = Debug|x86
		{FFFC0625-D8A2-4E35-9D2E-43392A765996}.Debug|Win32.ActiveCfg = Debug|x86
		{FFFC0625-D8A2-4E35-9D2E-43392A765996}.Debug|x86.ActiveCfg = Debug|x86
		{FFFC0625-D8A2-4E35-9D2E-43392A765996}.Debug|x86.Build.0 = Debug|x86
		{FFFC0625-D8A2-4E35-9D2E-43392A765996}.Release|Any CPU.ActiveCfg = Release|x86
		{FFFC0625-D8A2-4E35-9D2E-43392A765996}.Release|Mixed Platforms.ActiveCfg = Release|x86
		{FFFC0625-D8A2-4E35-9D2E-43392A765996}.Release|Mixed Platforms.Build.0 = Release|x86
		{FFFC0625-D8A2-4E35-9D2E-43392A765996}.Release|Win32.ActiveCfg = Release|x86
		{FFFC0625-D8A2-4E35-9D2E-43392A765996}.Release|x86.ActiveCfg = Release|x86
		{FFFC0625-D8A2-4E35-9D2E-43392A765996}.Release|x86.Build.0 = Release|x86
		{5B2BB1A0-F2FE-4D88-9A67-52C578BFE98D}.Debug|Any CPU.ActiveCfg = Debug|x86
		{5B2BB1A0-F2FE-4D88-9A67-52C578BFE98D}.Debug|Mixed Platforms.ActiveCfg = Debug|x86
		{5B2BB1A0-F2FE-4D88-9A67-52C578BFE98D}.Debug|Mixed Platforms.Build.0 = Debug|x86
		{5B2BB1A0-F2FE-4D88-9A67-52C578BFE98D}.Debug|Win32.ActiveCfg = Debug|x86
		{5B2BB1A0-F2FE-4D88-9A67-52C578BFE98D}.Debug|x86.ActiveCfg = Debug|x86
		{5B2BB1A0-F2FE-4D88-9A67-52C578BFE98D}.Debug|x86.Build.0 = Debug|x86
		{5B2BB1A0-F2FE-4D88-9A67-52C578BFE98D}.Release|Any CPU.ActiveCfg = Release|x86
		{5B2BB1A0-F2FE-4D88-9A67-52C578BFE98D}.Release|Mixed Platforms.ActiveCfg = Release|x86
		{5B2BB1A0-F2FE-4D88-9A67-52C578BFE98D}.Release|Mixed Platforms.Build.0 = Release|x86
		{5B2BB1A0-F2FE-4D88-9A67-52C578BFE98D}.Release|Win32.ActiveCfg = Release|x86
		{5B2BB1A0-F2FE-4D88-9A67-52C578BFE98D}.Release|x86.ActiveCfg = Release|x86
		{5B2BB1A0-F2FE-4D88-9A67-52C578BFE98D}.Release|x86.Build.0 = Release|x86
		{7C262883-F62D-454B-AAB1-372B025D488D}.Debug|Any CPU.ActiveCfg = Debug|Any CPU
		{7C262883-F62D-454B-AAB1-372B025D488D}.Debug|Any CPU.Build.0 = Debug|Any CPU
		{7C262883-F62D-454B-AAB1-372B025D488D}.Debug|Mixed Platforms.ActiveCfg = Debug|Any CPU
		{7C262883-F62D-454B-AAB1-372B025D488D}.Debug|Mixed Platforms.Build.0 = Debug|Any CPU
		{7C262883-F62D-454B-AAB1-372B025D488D}.Debug|Win32.ActiveCfg = Debug|Any CPU
		{7C262883-F62D-454B-AAB1-372B025D488D}.Debug|x86.ActiveCfg = Debug|Any CPU
		{7C262883-F62D-454B-AAB1-372B025D488D}.Release|Any CPU.ActiveCfg = Release|Any CPU
		{7C262883-F62D-454B-AAB1-372B025D488D}.Release|Any CPU.Build.0 = Release|Any CPU
		{7C262883-F62D-454B-AAB1-372B025D488D}.Release|Mixed Platforms.ActiveCfg = Release|Any CPU
		{7C262883-F62D-454B-AAB1-372B025D488D}.Release|Mixed Platforms.Build.0 = Release|Any CPU
		{7C262883-F62D-454B-AAB1-372B025D488D}.Release|Win32.ActiveCfg = Release|Any CPU
		{7C262883-F62D-454B-AAB1-372B025D488D}.Release|x86.ActiveCfg = Release|Any CPU
		{20F37A87-7914-4268-B14F-413BC265BDC1}.Debug|Any CPU.ActiveCfg = Debug|x86
		{20F37A87-7914-4268-B14F-413BC265BDC1}.Debug|Mixed Platforms.ActiveCfg = Debug|x86
		{20F37A87-7914-4268-B14F-413BC265BDC1}.Debug|Mixed Platforms.Build.0 = Debug|x86
		{20F37A87-7914-4268-B14F-413BC265BDC1}.Debug|Win32.ActiveCfg = Debug|x86
		{20F37A87-7914-4268-B14F-413BC265BDC1}.Debug|x86.ActiveCfg = Debug|x86
		{20F37A87-7914-4268-B14F-413BC265BDC1}.Debug|x86.Build.0 = Debug|x86
		{20F37A87-7914-4268-B14F-413BC265BDC1}.Release|Any CPU.ActiveCfg = Release|x86
		{20F37A87-7914-4268-B14F-413BC265BDC1}.Release|Mixed Platforms.ActiveCfg = Release|x86
		{20F37A87-7914-4268-B14F-413BC265BDC1}.Release|Mixed Platforms.Build.0 = Release|x86
		{20F37A87-7914-4268-B14F-413BC265BDC1}.Release|Win32.ActiveCfg = Release|x86
		{20F37A87-7914-4268-B14F-413BC265BDC1}.Release|x86.ActiveCfg = Release|x86
		{20F37A87-7914-4268-B14F-413BC265BDC1}.Release|x86.Build.0 = Release|x86
	EndGlobalSection
	GlobalSection(SolutionProperties) = preSolution
		HideSolutionNode = FALSE
	EndGlobalSection
	GlobalSection(NestedProjects) = preSolution
		{6784F2DE-A3D6-4F22-A544-657002973199} = {9CF83B33-DDD3-4E74-AF6B-73035E818E5C}
		{00D7A8A5-DC13-4D16-BB53-96B2F23CD5D0} = {9CF83B33-DDD3-4E74-AF6B-73035E818E5C}
		{6A6DD3AB-484B-48FD-8BE7-107728A26341} = {9CF83B33-DDD3-4E74-AF6B-73035E818E5C}
		{7F99A10A-2A68-48DA-B7F4-E09C14790BE0} = {6784F2DE-A3D6-4F22-A544-657002973199}
		{13F89664-A2A4-4E1A-9566-F8BCFD49DA24} = {6784F2DE-A3D6-4F22-A544-657002973199}
		{6201296D-4907-46E1-A57E-A2357B0AF04C} = {6784F2DE-A3D6-4F22-A544-657002973199}
		{5B2BB1A0-F2FE-4D88-9A67-52C578BFE98D} = {6784F2DE-A3D6-4F22-A544-657002973199}
		{39D76CAC-EA98-417B-B1EF-D8851F8DF885} = {A6B93D0C-0E5C-4158-907E-DAB0DDF92311}
		{4E5360EF-BCD7-4F8D-B992-230F6C5FEC04} = {A6B93D0C-0E5C-4158-907E-DAB0DDF92311}
		{57537EF0-8B19-4FCA-AD39-0A08A25B51B9} = {A6B93D0C-0E5C-4158-907E-DAB0DDF92311}
		{AD7292D4-F745-48BF-9A68-19DCB26F052E} = {39D76CAC-EA98-417B-B1EF-D8851F8DF885}
		{0B90936F-9E33-4106-B9D0-F879C55474EF} = {39D76CAC-EA98-417B-B1EF-D8851F8DF885}
		{7D934FBB-4733-45A5-8270-0086950C5E1E} = {39D76CAC-EA98-417B-B1EF-D8851F8DF885}
		{0B1200B4-72A4-455D-8D6D-1FEEA66BC8F8} = {39D76CAC-EA98-417B-B1EF-D8851F8DF885}
		{20F37A87-7914-4268-B14F-413BC265BDC1} = {39D76CAC-EA98-417B-B1EF-D8851F8DF885}
		{4F54EFA2-8105-4680-997E-DCB8A7231D36} = {4E5360EF-BCD7-4F8D-B992-230F6C5FEC04}
		{91D63550-91BE-43AD-9663-2117B7D2E92A} = {4E5360EF-BCD7-4F8D-B992-230F6C5FEC04}
		{0A0F1033-3A63-4E0A-B7C3-48A410643D90} = {4E5360EF-BCD7-4F8D-B992-230F6C5FEC04}
		{31A85926-DAC1-4023-BDDD-DDE878C396A5} = {4E5360EF-BCD7-4F8D-B992-230F6C5FEC04}
		{7C262883-F62D-454B-AAB1-372B025D488D} = {4E5360EF-BCD7-4F8D-B992-230F6C5FEC04}
		{37A9326D-E256-4081-A7C8-D8CE855CFD4F} = {59C5C818-26F7-49F6-BB87-4BCD1B2B771F}
		{BD885A22-1E9F-494A-ADAD-6D1176CC41D7} = {59C5C818-26F7-49F6-BB87-4BCD1B2B771F}
		{538AA948-4EBD-4291-A4D2-B5DA3B9D1B2F} = {59C5C818-26F7-49F6-BB87-4BCD1B2B771F}
		{FFFC0625-D8A2-4E35-9D2E-43392A765996} = {59C5C818-26F7-49F6-BB87-4BCD1B2B771F}
	EndGlobalSection
EndGlobal
