
Microsoft Visual Studio Solution File, Format Version 11.00
# Visual Studio 2010
Project("{2150E333-8FDC-42A3-9474-1A3956D46DE8}") = "Client", "Client", "{E611A64E-FD59-4CBC-B679-F86FBDD99989}"
EndProject
Project("{2150E333-8FDC-42A3-9474-1A3956D46DE8}") = "Domain", "Domain", "{9156CDC8-8BF5-4D07-8846-610AA16A0000}"
EndProject
Project("{2150E333-8FDC-42A3-9474-1A3956D46DE8}") = "Server", "Server", "{1F5FA0F5-7EC3-494F-AF4B-70EE503A019D}"
EndProject
Project("{2150E333-8FDC-42A3-9474-1A3956D46DE8}") = "Client.WPF", "Client.WPF", "{F6CACA64-3A9D-49C3-B8ED-0F38829F9551}"
EndProject
Project("{2150E333-8FDC-42A3-9474-1A3956D46DE8}") = "Server.DAL", "Server.DAL", "{531DE215-58B4-41B7-B042-A281E253A092}"
EndProject
Project("{2150E333-8FDC-42A3-9474-1A3956D46DE8}") = "Server.Service", "Server.Service", "{D3B33BFE-13D6-47BC-8750-9190E6872464}"
EndProject
Project("{FAE04EC0-301F-11D3-BF4B-00C04F79EFBC}") = "XERP.Server", "XERP.Server\XERP.Server.csproj", "{57537EF0-8B19-4FCA-AD39-0A08A25B51B9}"
EndProject
Project("{FAE04EC0-301F-11D3-BF4B-00C04F79EFBC}") = "XERP.Server.DAL", "XERP.Server\XERP.Server.DAL\XERP.Server.DAL.csproj", "{0B90936F-9E33-4106-B9D0-F879C55474EF}"
EndProject
Project("{FAE04EC0-301F-11D3-BF4B-00C04F79EFBC}") = "XERP.Server.DAL.CompanyDAL", "XERP.Server\XERP.Server.DAL\XERP.Server.DAL.CompanyDAL\XERP.Server.DAL.CompanyDAL.csproj", "{AD7292D4-F745-48BF-9A68-19DCB26F052E}"
EndProject
Project("{FAE04EC0-301F-11D3-BF4B-00C04F79EFBC}") = "XERP.Server.DAL.LogInDAL", "XERP.Server\XERP.Server.DAL\XERP.Server.DAL.LogInDAL\XERP.Server.DAL.LogInDAL.csproj", "{7D934FBB-4733-45A5-8270-0086950C5E1E}"
EndProject
Project("{FAE04EC0-301F-11D3-BF4B-00C04F79EFBC}") = "XERP.Server.DAL.MenuSecurityDAL", "XERP.Server\XERP.Server.DAL\XERP.Server.DAL.MenuSecurityDAL\XERP.Server.DAL.MenuSecurityDAL.csproj", "{0B1200B4-72A4-455D-8D6D-1FEEA66BC8F8}"
EndProject
Project("{FAE04EC0-301F-11D3-BF4B-00C04F79EFBC}") = "XERP.Server.Service", "XERP.Server\XERP.Server.Service\XERP.Server.Service.csproj", "{4F54EFA2-8105-4680-997E-DCB8A7231D36}"
EndProject
Project("{FAE04EC0-301F-11D3-BF4B-00C04F79EFBC}") = "XERP.Server.Service.CompanyService", "XERP.Server\XERP.Server.Service\XERP.Server.Service.CompanyService\XERP.Server.Service.CompanyService.csproj", "{91D63550-91BE-43AD-9663-2117B7D2E92A}"
EndProject
Project("{FAE04EC0-301F-11D3-BF4B-00C04F79EFBC}") = "XERP.Server.Service.LogInService", "XERP.Server\XERP.Server.Service\XERP.Server.Service.LogInService\XERP.Server.Service.LogInService.csproj", "{0A0F1033-3A63-4E0A-B7C3-48A410643D90}"
EndProject
Project("{FAE04EC0-301F-11D3-BF4B-00C04F79EFBC}") = "XERP.Server.Service.MenuSecurityService", "XERP.Server\XERP.Server.Service\XERP.Server.Service.MenuSecurityService\XERP.Server.Service.MenuSecurityService.csproj", "{31A85926-DAC1-4023-BDDD-DDE878C396A5}"
EndProject
Project("{FAE04EC0-301F-11D3-BF4B-00C04F79EFBC}") = "XERP.Domain", "XERP.Domain\XERP.Domain.csproj", "{37A9326D-E256-4081-A7C8-D8CE855CFD4F}"
EndProject
Project("{FAE04EC0-301F-11D3-BF4B-00C04F79EFBC}") = "XERP.Domain.CompanyDomain", "XERP.Domain\XERP.Domain.CompanyDomain\XERP.Domain.CompanyDomain.csproj", "{0875BF6D-613C-4399-8ECE-99E582F5FAE8}"
EndProject
Project("{FAE04EC0-301F-11D3-BF4B-00C04F79EFBC}") = "SimpleMvvmToolkit-WPF", "XERP.Client\SimpleMvvm-Source\WPF\SimpleMvvmToolkit-WPF\SimpleMvvmToolkit-WPF.csproj", "{6A6DD3AB-484B-48FD-8BE7-107728A26341}"
EndProject
Project("{FAE04EC0-301F-11D3-BF4B-00C04F79EFBC}") = "XERP.Client", "XERP.Client\XERP.Client.csproj", "{00D7A8A5-DC13-4D16-BB53-96B2F23CD5D0}"
EndProject
Project("{FAE04EC0-301F-11D3-BF4B-00C04F79EFBC}") = "XERP.Domain.LogInDomain", "XERP.Domain\XERP.Domain.LogInDomain\XERP.Domain.LogInDomain.csproj", "{1455C552-84DA-4FE3-A607-2440CAB5C4FF}"
EndProject
Project("{FAE04EC0-301F-11D3-BF4B-00C04F79EFBC}") = "XERP.Domain.MenuSecurityDomain", "XERP.Domain\XERP.Domain.MenuSecurityDomain\XERP.Domain.MenuSecurityDomain.csproj", "{7F4421EB-3901-404C-BDE4-BB8B74A71F29}"
EndProject
Project("{FAE04EC0-301F-11D3-BF4B-00C04F79EFBC}") = "XERP.Client.WPF", "XERP.Client\XERP.Client.WPF\XERP.Client.WPF.csproj", "{7F99A10A-2A68-48DA-B7F4-E09C14790BE0}"
EndProject
Project("{FAE04EC0-301F-11D3-BF4B-00C04F79EFBC}") = "XERP.Client.WPF.LogIn", "XERP.Client\XERP.Client.WPF\XERP.Client.WPF.LogIn\XERP.Client.WPF.LogIn.csproj", "{6201296D-4907-46E1-A57E-A2357B0AF04C}"
EndProject
Project("{FAE04EC0-301F-11D3-BF4B-00C04F79EFBC}") = "XERP.Client.WPF.MainMenu", "XERP.Client\XERP.Client.WPF\XERP.Client.WPF.MainMenu\XERP.Client.WPF.MainMenu.csproj", "{5B2BB1A0-F2FE-4D88-9A67-52C578BFE98D}"
EndProject
Project("{FAE04EC0-301F-11D3-BF4B-00C04F79EFBC}") = "XERP.Client.WPF.CompanyMaintenance", "XERP.Client\XERP.Client.WPF\XERP.Client.WPF.CompanyMaintenance\XERP.Client.WPF.CompanyMaintenance.csproj", "{13F89664-A2A4-4E1A-9566-F8BCFD49DA24}"
EndProject
Project("{FAE04EC0-301F-11D3-BF4B-00C04F79EFBC}") = "XERP.Client.WPF.StartUp", "XERP.Client\XERP.Client.WPF\XERP.Client.WPF.StartUp\XERP.Client.WPF.StartUp.csproj", "{97D530A1-73BE-4658-B7B0-BBBD8959B7B2}"
EndProject
Global
	GlobalSection(SolutionConfigurationPlatforms) = preSolution
		Debug|Any CPU = Debug|Any CPU
		Debug|Mixed Platforms = Debug|Mixed Platforms
		Debug|x86 = Debug|x86
		Release|Any CPU = Release|Any CPU
		Release|Mixed Platforms = Release|Mixed Platforms
		Release|x86 = Release|x86
	EndGlobalSection
	GlobalSection(ProjectConfigurationPlatforms) = postSolution
		{57537EF0-8B19-4FCA-AD39-0A08A25B51B9}.Debug|Any CPU.ActiveCfg = Debug|x86
		{57537EF0-8B19-4FCA-AD39-0A08A25B51B9}.Debug|Mixed Platforms.ActiveCfg = Debug|x86
		{57537EF0-8B19-4FCA-AD39-0A08A25B51B9}.Debug|Mixed Platforms.Build.0 = Debug|x86
		{57537EF0-8B19-4FCA-AD39-0A08A25B51B9}.Debug|x86.ActiveCfg = Debug|x86
		{57537EF0-8B19-4FCA-AD39-0A08A25B51B9}.Debug|x86.Build.0 = Debug|x86
		{57537EF0-8B19-4FCA-AD39-0A08A25B51B9}.Release|Any CPU.ActiveCfg = Release|x86
		{57537EF0-8B19-4FCA-AD39-0A08A25B51B9}.Release|Mixed Platforms.ActiveCfg = Release|x86
		{57537EF0-8B19-4FCA-AD39-0A08A25B51B9}.Release|Mixed Platforms.Build.0 = Release|x86
		{57537EF0-8B19-4FCA-AD39-0A08A25B51B9}.Release|x86.ActiveCfg = Release|x86
		{57537EF0-8B19-4FCA-AD39-0A08A25B51B9}.Release|x86.Build.0 = Release|x86
		{0B90936F-9E33-4106-B9D0-F879C55474EF}.Debug|Any CPU.ActiveCfg = Debug|x86
		{0B90936F-9E33-4106-B9D0-F879C55474EF}.Debug|Mixed Platforms.ActiveCfg = Debug|x86
		{0B90936F-9E33-4106-B9D0-F879C55474EF}.Debug|Mixed Platforms.Build.0 = Debug|x86
		{0B90936F-9E33-4106-B9D0-F879C55474EF}.Debug|x86.ActiveCfg = Debug|x86
		{0B90936F-9E33-4106-B9D0-F879C55474EF}.Debug|x86.Build.0 = Debug|x86
		{0B90936F-9E33-4106-B9D0-F879C55474EF}.Release|Any CPU.ActiveCfg = Release|x86
		{0B90936F-9E33-4106-B9D0-F879C55474EF}.Release|Mixed Platforms.ActiveCfg = Release|x86
		{0B90936F-9E33-4106-B9D0-F879C55474EF}.Release|Mixed Platforms.Build.0 = Release|x86
		{0B90936F-9E33-4106-B9D0-F879C55474EF}.Release|x86.ActiveCfg = Release|x86
		{0B90936F-9E33-4106-B9D0-F879C55474EF}.Release|x86.Build.0 = Release|x86
		{AD7292D4-F745-48BF-9A68-19DCB26F052E}.Debug|Any CPU.ActiveCfg = Debug|x86
		{AD7292D4-F745-48BF-9A68-19DCB26F052E}.Debug|Mixed Platforms.ActiveCfg = Debug|x86
		{AD7292D4-F745-48BF-9A68-19DCB26F052E}.Debug|Mixed Platforms.Build.0 = Debug|x86
		{AD7292D4-F745-48BF-9A68-19DCB26F052E}.Debug|x86.ActiveCfg = Debug|x86
		{AD7292D4-F745-48BF-9A68-19DCB26F052E}.Debug|x86.Build.0 = Debug|x86
		{AD7292D4-F745-48BF-9A68-19DCB26F052E}.Release|Any CPU.ActiveCfg = Release|x86
		{AD7292D4-F745-48BF-9A68-19DCB26F052E}.Release|Mixed Platforms.ActiveCfg = Release|x86
		{AD7292D4-F745-48BF-9A68-19DCB26F052E}.Release|Mixed Platforms.Build.0 = Release|x86
		{AD7292D4-F745-48BF-9A68-19DCB26F052E}.Release|x86.ActiveCfg = Release|x86
		{AD7292D4-F745-48BF-9A68-19DCB26F052E}.Release|x86.Build.0 = Release|x86
		{7D934FBB-4733-45A5-8270-0086950C5E1E}.Debug|Any CPU.ActiveCfg = Debug|x86
		{7D934FBB-4733-45A5-8270-0086950C5E1E}.Debug|Mixed Platforms.ActiveCfg = Debug|x86
		{7D934FBB-4733-45A5-8270-0086950C5E1E}.Debug|Mixed Platforms.Build.0 = Debug|x86
		{7D934FBB-4733-45A5-8270-0086950C5E1E}.Debug|x86.ActiveCfg = Debug|x86
		{7D934FBB-4733-45A5-8270-0086950C5E1E}.Debug|x86.Build.0 = Debug|x86
		{7D934FBB-4733-45A5-8270-0086950C5E1E}.Release|Any CPU.ActiveCfg = Release|x86
		{7D934FBB-4733-45A5-8270-0086950C5E1E}.Release|Mixed Platforms.ActiveCfg = Release|x86
		{7D934FBB-4733-45A5-8270-0086950C5E1E}.Release|Mixed Platforms.Build.0 = Release|x86
		{7D934FBB-4733-45A5-8270-0086950C5E1E}.Release|x86.ActiveCfg = Release|x86
		{7D934FBB-4733-45A5-8270-0086950C5E1E}.Release|x86.Build.0 = Release|x86
		{0B1200B4-72A4-455D-8D6D-1FEEA66BC8F8}.Debug|Any CPU.ActiveCfg = Debug|x86
		{0B1200B4-72A4-455D-8D6D-1FEEA66BC8F8}.Debug|Mixed Platforms.ActiveCfg = Debug|x86
		{0B1200B4-72A4-455D-8D6D-1FEEA66BC8F8}.Debug|Mixed Platforms.Build.0 = Debug|x86
		{0B1200B4-72A4-455D-8D6D-1FEEA66BC8F8}.Debug|x86.ActiveCfg = Debug|x86
		{0B1200B4-72A4-455D-8D6D-1FEEA66BC8F8}.Debug|x86.Build.0 = Debug|x86
		{0B1200B4-72A4-455D-8D6D-1FEEA66BC8F8}.Release|Any CPU.ActiveCfg = Release|x86
		{0B1200B4-72A4-455D-8D6D-1FEEA66BC8F8}.Release|Mixed Platforms.ActiveCfg = Release|x86
		{0B1200B4-72A4-455D-8D6D-1FEEA66BC8F8}.Release|Mixed Platforms.Build.0 = Release|x86
		{0B1200B4-72A4-455D-8D6D-1FEEA66BC8F8}.Release|x86.ActiveCfg = Release|x86
		{0B1200B4-72A4-455D-8D6D-1FEEA66BC8F8}.Release|x86.Build.0 = Release|x86
		{4F54EFA2-8105-4680-997E-DCB8A7231D36}.Debug|Any CPU.ActiveCfg = Debug|Any CPU
		{4F54EFA2-8105-4680-997E-DCB8A7231D36}.Debug|Any CPU.Build.0 = Debug|Any CPU
		{4F54EFA2-8105-4680-997E-DCB8A7231D36}.Debug|Mixed Platforms.ActiveCfg = Debug|Any CPU
		{4F54EFA2-8105-4680-997E-DCB8A7231D36}.Debug|Mixed Platforms.Build.0 = Debug|Any CPU
		{4F54EFA2-8105-4680-997E-DCB8A7231D36}.Debug|x86.ActiveCfg = Debug|Any CPU
		{4F54EFA2-8105-4680-997E-DCB8A7231D36}.Release|Any CPU.ActiveCfg = Release|Any CPU
		{4F54EFA2-8105-4680-997E-DCB8A7231D36}.Release|Any CPU.Build.0 = Release|Any CPU
		{4F54EFA2-8105-4680-997E-DCB8A7231D36}.Release|Mixed Platforms.ActiveCfg = Release|Any CPU
		{4F54EFA2-8105-4680-997E-DCB8A7231D36}.Release|Mixed Platforms.Build.0 = Release|Any CPU
		{4F54EFA2-8105-4680-997E-DCB8A7231D36}.Release|x86.ActiveCfg = Release|Any CPU
		{91D63550-91BE-43AD-9663-2117B7D2E92A}.Debug|Any CPU.ActiveCfg = Debug|Any CPU
		{91D63550-91BE-43AD-9663-2117B7D2E92A}.Debug|Any CPU.Build.0 = Debug|Any CPU
		{91D63550-91BE-43AD-9663-2117B7D2E92A}.Debug|Mixed Platforms.ActiveCfg = Debug|Any CPU
		{91D63550-91BE-43AD-9663-2117B7D2E92A}.Debug|Mixed Platforms.Build.0 = Debug|Any CPU
		{91D63550-91BE-43AD-9663-2117B7D2E92A}.Debug|x86.ActiveCfg = Debug|Any CPU
		{91D63550-91BE-43AD-9663-2117B7D2E92A}.Release|Any CPU.ActiveCfg = Release|Any CPU
		{91D63550-91BE-43AD-9663-2117B7D2E92A}.Release|Any CPU.Build.0 = Release|Any CPU
		{91D63550-91BE-43AD-9663-2117B7D2E92A}.Release|Mixed Platforms.ActiveCfg = Release|Any CPU
		{91D63550-91BE-43AD-9663-2117B7D2E92A}.Release|Mixed Platforms.Build.0 = Release|Any CPU
		{91D63550-91BE-43AD-9663-2117B7D2E92A}.Release|x86.ActiveCfg = Release|Any CPU
		{0A0F1033-3A63-4E0A-B7C3-48A410643D90}.Debug|Any CPU.ActiveCfg = Debug|Any CPU
		{0A0F1033-3A63-4E0A-B7C3-48A410643D90}.Debug|Any CPU.Build.0 = Debug|Any CPU
		{0A0F1033-3A63-4E0A-B7C3-48A410643D90}.Debug|Mixed Platforms.ActiveCfg = Debug|Any CPU
		{0A0F1033-3A63-4E0A-B7C3-48A410643D90}.Debug|Mixed Platforms.Build.0 = Debug|Any CPU
		{0A0F1033-3A63-4E0A-B7C3-48A410643D90}.Debug|x86.ActiveCfg = Debug|Any CPU
		{0A0F1033-3A63-4E0A-B7C3-48A410643D90}.Release|Any CPU.ActiveCfg = Release|Any CPU
		{0A0F1033-3A63-4E0A-B7C3-48A410643D90}.Release|Any CPU.Build.0 = Release|Any CPU
		{0A0F1033-3A63-4E0A-B7C3-48A410643D90}.Release|Mixed Platforms.ActiveCfg = Release|Any CPU
		{0A0F1033-3A63-4E0A-B7C3-48A410643D90}.Release|Mixed Platforms.Build.0 = Release|Any CPU
		{0A0F1033-3A63-4E0A-B7C3-48A410643D90}.Release|x86.ActiveCfg = Release|Any CPU
		{31A85926-DAC1-4023-BDDD-DDE878C396A5}.Debug|Any CPU.ActiveCfg = Debug|Any CPU
		{31A85926-DAC1-4023-BDDD-DDE878C396A5}.Debug|Any CPU.Build.0 = Debug|Any CPU
		{31A85926-DAC1-4023-BDDD-DDE878C396A5}.Debug|Mixed Platforms.ActiveCfg = Debug|Any CPU
		{31A85926-DAC1-4023-BDDD-DDE878C396A5}.Debug|Mixed Platforms.Build.0 = Debug|Any CPU
		{31A85926-DAC1-4023-BDDD-DDE878C396A5}.Debug|x86.ActiveCfg = Debug|Any CPU
		{31A85926-DAC1-4023-BDDD-DDE878C396A5}.Release|Any CPU.ActiveCfg = Release|Any CPU
		{31A85926-DAC1-4023-BDDD-DDE878C396A5}.Release|Any CPU.Build.0 = Release|Any CPU
		{31A85926-DAC1-4023-BDDD-DDE878C396A5}.Release|Mixed Platforms.ActiveCfg = Release|Any CPU
		{31A85926-DAC1-4023-BDDD-DDE878C396A5}.Release|Mixed Platforms.Build.0 = Release|Any CPU
		{31A85926-DAC1-4023-BDDD-DDE878C396A5}.Release|x86.ActiveCfg = Release|Any CPU
		{37A9326D-E256-4081-A7C8-D8CE855CFD4F}.Debug|Any CPU.ActiveCfg = Debug|x86
		{37A9326D-E256-4081-A7C8-D8CE855CFD4F}.Debug|Mixed Platforms.ActiveCfg = Debug|x86
		{37A9326D-E256-4081-A7C8-D8CE855CFD4F}.Debug|Mixed Platforms.Build.0 = Debug|x86
		{37A9326D-E256-4081-A7C8-D8CE855CFD4F}.Debug|x86.ActiveCfg = Debug|x86
		{37A9326D-E256-4081-A7C8-D8CE855CFD4F}.Debug|x86.Build.0 = Debug|x86
		{37A9326D-E256-4081-A7C8-D8CE855CFD4F}.Release|Any CPU.ActiveCfg = Release|x86
		{37A9326D-E256-4081-A7C8-D8CE855CFD4F}.Release|Mixed Platforms.ActiveCfg = Release|x86
		{37A9326D-E256-4081-A7C8-D8CE855CFD4F}.Release|Mixed Platforms.Build.0 = Release|x86
		{37A9326D-E256-4081-A7C8-D8CE855CFD4F}.Release|x86.ActiveCfg = Release|x86
		{37A9326D-E256-4081-A7C8-D8CE855CFD4F}.Release|x86.Build.0 = Release|x86
		{0875BF6D-613C-4399-8ECE-99E582F5FAE8}.Debug|Any CPU.ActiveCfg = Debug|x86
		{0875BF6D-613C-4399-8ECE-99E582F5FAE8}.Debug|Mixed Platforms.ActiveCfg = Debug|x86
		{0875BF6D-613C-4399-8ECE-99E582F5FAE8}.Debug|Mixed Platforms.Build.0 = Debug|x86
		{0875BF6D-613C-4399-8ECE-99E582F5FAE8}.Debug|x86.ActiveCfg = Debug|x86
		{0875BF6D-613C-4399-8ECE-99E582F5FAE8}.Debug|x86.Build.0 = Debug|x86
		{0875BF6D-613C-4399-8ECE-99E582F5FAE8}.Release|Any CPU.ActiveCfg = Release|x86
		{0875BF6D-613C-4399-8ECE-99E582F5FAE8}.Release|Mixed Platforms.ActiveCfg = Release|x86
		{0875BF6D-613C-4399-8ECE-99E582F5FAE8}.Release|Mixed Platforms.Build.0 = Release|x86
		{0875BF6D-613C-4399-8ECE-99E582F5FAE8}.Release|x86.ActiveCfg = Release|x86
		{0875BF6D-613C-4399-8ECE-99E582F5FAE8}.Release|x86.Build.0 = Release|x86
		{6A6DD3AB-484B-48FD-8BE7-107728A26341}.Debug|Any CPU.ActiveCfg = Debug|Any CPU
		{6A6DD3AB-484B-48FD-8BE7-107728A26341}.Debug|Any CPU.Build.0 = Debug|Any CPU
		{6A6DD3AB-484B-48FD-8BE7-107728A26341}.Debug|Mixed Platforms.ActiveCfg = Debug|Any CPU
		{6A6DD3AB-484B-48FD-8BE7-107728A26341}.Debug|Mixed Platforms.Build.0 = Debug|Any CPU
		{6A6DD3AB-484B-48FD-8BE7-107728A26341}.Debug|x86.ActiveCfg = Debug|Any CPU
		{6A6DD3AB-484B-48FD-8BE7-107728A26341}.Release|Any CPU.ActiveCfg = Release|Any CPU
		{6A6DD3AB-484B-48FD-8BE7-107728A26341}.Release|Any CPU.Build.0 = Release|Any CPU
		{6A6DD3AB-484B-48FD-8BE7-107728A26341}.Release|Mixed Platforms.ActiveCfg = Release|Any CPU
		{6A6DD3AB-484B-48FD-8BE7-107728A26341}.Release|Mixed Platforms.Build.0 = Release|Any CPU
		{6A6DD3AB-484B-48FD-8BE7-107728A26341}.Release|x86.ActiveCfg = Release|Any CPU
		{00D7A8A5-DC13-4D16-BB53-96B2F23CD5D0}.Debug|Any CPU.ActiveCfg = Debug|x86
		{00D7A8A5-DC13-4D16-BB53-96B2F23CD5D0}.Debug|Mixed Platforms.ActiveCfg = Debug|x86
		{00D7A8A5-DC13-4D16-BB53-96B2F23CD5D0}.Debug|Mixed Platforms.Build.0 = Debug|x86
		{00D7A8A5-DC13-4D16-BB53-96B2F23CD5D0}.Debug|x86.ActiveCfg = Debug|x86
		{00D7A8A5-DC13-4D16-BB53-96B2F23CD5D0}.Debug|x86.Build.0 = Debug|x86
		{00D7A8A5-DC13-4D16-BB53-96B2F23CD5D0}.Release|Any CPU.ActiveCfg = Release|x86
		{00D7A8A5-DC13-4D16-BB53-96B2F23CD5D0}.Release|Mixed Platforms.ActiveCfg = Release|x86
		{00D7A8A5-DC13-4D16-BB53-96B2F23CD5D0}.Release|Mixed Platforms.Build.0 = Release|x86
		{00D7A8A5-DC13-4D16-BB53-96B2F23CD5D0}.Release|x86.ActiveCfg = Release|x86
		{00D7A8A5-DC13-4D16-BB53-96B2F23CD5D0}.Release|x86.Build.0 = Release|x86
		{1455C552-84DA-4FE3-A607-2440CAB5C4FF}.Debug|Any CPU.ActiveCfg = Debug|x86
		{1455C552-84DA-4FE3-A607-2440CAB5C4FF}.Debug|Mixed Platforms.ActiveCfg = Debug|x86
		{1455C552-84DA-4FE3-A607-2440CAB5C4FF}.Debug|Mixed Platforms.Build.0 = Debug|x86
		{1455C552-84DA-4FE3-A607-2440CAB5C4FF}.Debug|x86.ActiveCfg = Debug|x86
		{1455C552-84DA-4FE3-A607-2440CAB5C4FF}.Debug|x86.Build.0 = Debug|x86
		{1455C552-84DA-4FE3-A607-2440CAB5C4FF}.Release|Any CPU.ActiveCfg = Release|x86
		{1455C552-84DA-4FE3-A607-2440CAB5C4FF}.Release|Mixed Platforms.ActiveCfg = Release|x86
		{1455C552-84DA-4FE3-A607-2440CAB5C4FF}.Release|Mixed Platforms.Build.0 = Release|x86
		{1455C552-84DA-4FE3-A607-2440CAB5C4FF}.Release|x86.ActiveCfg = Release|x86
		{1455C552-84DA-4FE3-A607-2440CAB5C4FF}.Release|x86.Build.0 = Release|x86
		{7F4421EB-3901-404C-BDE4-BB8B74A71F29}.Debug|Any CPU.ActiveCfg = Debug|x86
		{7F4421EB-3901-404C-BDE4-BB8B74A71F29}.Debug|Mixed Platforms.ActiveCfg = Debug|x86
		{7F4421EB-3901-404C-BDE4-BB8B74A71F29}.Debug|Mixed Platforms.Build.0 = Debug|x86
		{7F4421EB-3901-404C-BDE4-BB8B74A71F29}.Debug|x86.ActiveCfg = Debug|x86
		{7F4421EB-3901-404C-BDE4-BB8B74A71F29}.Debug|x86.Build.0 = Debug|x86
		{7F4421EB-3901-404C-BDE4-BB8B74A71F29}.Release|Any CPU.ActiveCfg = Release|x86
		{7F4421EB-3901-404C-BDE4-BB8B74A71F29}.Release|Mixed Platforms.ActiveCfg = Release|x86
		{7F4421EB-3901-404C-BDE4-BB8B74A71F29}.Release|Mixed Platforms.Build.0 = Release|x86
		{7F4421EB-3901-404C-BDE4-BB8B74A71F29}.Release|x86.ActiveCfg = Release|x86
		{7F4421EB-3901-404C-BDE4-BB8B74A71F29}.Release|x86.Build.0 = Release|x86
		{7F99A10A-2A68-48DA-B7F4-E09C14790BE0}.Debug|Any CPU.ActiveCfg = Debug|x86
		{7F99A10A-2A68-48DA-B7F4-E09C14790BE0}.Debug|Mixed Platforms.ActiveCfg = Debug|x86
		{7F99A10A-2A68-48DA-B7F4-E09C14790BE0}.Debug|Mixed Platforms.Build.0 = Debug|x86
		{7F99A10A-2A68-48DA-B7F4-E09C14790BE0}.Debug|x86.ActiveCfg = Debug|x86
		{7F99A10A-2A68-48DA-B7F4-E09C14790BE0}.Debug|x86.Build.0 = Debug|x86
		{7F99A10A-2A68-48DA-B7F4-E09C14790BE0}.Release|Any CPU.ActiveCfg = Release|x86
		{7F99A10A-2A68-48DA-B7F4-E09C14790BE0}.Release|Mixed Platforms.ActiveCfg = Release|x86
		{7F99A10A-2A68-48DA-B7F4-E09C14790BE0}.Release|Mixed Platforms.Build.0 = Release|x86
		{7F99A10A-2A68-48DA-B7F4-E09C14790BE0}.Release|x86.ActiveCfg = Release|x86
		{7F99A10A-2A68-48DA-B7F4-E09C14790BE0}.Release|x86.Build.0 = Release|x86
		{6201296D-4907-46E1-A57E-A2357B0AF04C}.Debug|Any CPU.ActiveCfg = Debug|x86
		{6201296D-4907-46E1-A57E-A2357B0AF04C}.Debug|Mixed Platforms.ActiveCfg = Debug|x86
		{6201296D-4907-46E1-A57E-A2357B0AF04C}.Debug|Mixed Platforms.Build.0 = Debug|x86
		{6201296D-4907-46E1-A57E-A2357B0AF04C}.Debug|x86.ActiveCfg = Debug|x86
		{6201296D-4907-46E1-A57E-A2357B0AF04C}.Debug|x86.Build.0 = Debug|x86
		{6201296D-4907-46E1-A57E-A2357B0AF04C}.Release|Any CPU.ActiveCfg = Release|x86
		{6201296D-4907-46E1-A57E-A2357B0AF04C}.Release|Mixed Platforms.ActiveCfg = Release|x86
		{6201296D-4907-46E1-A57E-A2357B0AF04C}.Release|Mixed Platforms.Build.0 = Release|x86
		{6201296D-4907-46E1-A57E-A2357B0AF04C}.Release|x86.ActiveCfg = Release|x86
		{6201296D-4907-46E1-A57E-A2357B0AF04C}.Release|x86.Build.0 = Release|x86
		{5B2BB1A0-F2FE-4D88-9A67-52C578BFE98D}.Debug|Any CPU.ActiveCfg = Debug|x86
		{5B2BB1A0-F2FE-4D88-9A67-52C578BFE98D}.Debug|Mixed Platforms.ActiveCfg = Debug|x86
		{5B2BB1A0-F2FE-4D88-9A67-52C578BFE98D}.Debug|Mixed Platforms.Build.0 = Debug|x86
		{5B2BB1A0-F2FE-4D88-9A67-52C578BFE98D}.Debug|x86.ActiveCfg = Debug|x86
		{5B2BB1A0-F2FE-4D88-9A67-52C578BFE98D}.Debug|x86.Build.0 = Debug|x86
		{5B2BB1A0-F2FE-4D88-9A67-52C578BFE98D}.Release|Any CPU.ActiveCfg = Release|x86
		{5B2BB1A0-F2FE-4D88-9A67-52C578BFE98D}.Release|Mixed Platforms.ActiveCfg = Release|x86
		{5B2BB1A0-F2FE-4D88-9A67-52C578BFE98D}.Release|Mixed Platforms.Build.0 = Release|x86
		{5B2BB1A0-F2FE-4D88-9A67-52C578BFE98D}.Release|x86.ActiveCfg = Release|x86
		{5B2BB1A0-F2FE-4D88-9A67-52C578BFE98D}.Release|x86.Build.0 = Release|x86
		{13F89664-A2A4-4E1A-9566-F8BCFD49DA24}.Debug|Any CPU.ActiveCfg = Debug|x86
		{13F89664-A2A4-4E1A-9566-F8BCFD49DA24}.Debug|Mixed Platforms.ActiveCfg = Debug|x86
		{13F89664-A2A4-4E1A-9566-F8BCFD49DA24}.Debug|Mixed Platforms.Build.0 = Debug|x86
		{13F89664-A2A4-4E1A-9566-F8BCFD49DA24}.Debug|x86.ActiveCfg = Debug|x86
		{13F89664-A2A4-4E1A-9566-F8BCFD49DA24}.Debug|x86.Build.0 = Debug|x86
		{13F89664-A2A4-4E1A-9566-F8BCFD49DA24}.Release|Any CPU.ActiveCfg = Release|x86
		{13F89664-A2A4-4E1A-9566-F8BCFD49DA24}.Release|Mixed Platforms.ActiveCfg = Release|x86
		{13F89664-A2A4-4E1A-9566-F8BCFD49DA24}.Release|Mixed Platforms.Build.0 = Release|x86
		{13F89664-A2A4-4E1A-9566-F8BCFD49DA24}.Release|x86.ActiveCfg = Release|x86
		{13F89664-A2A4-4E1A-9566-F8BCFD49DA24}.Release|x86.Build.0 = Release|x86
		{97D530A1-73BE-4658-B7B0-BBBD8959B7B2}.Debug|Any CPU.ActiveCfg = Debug|x86
		{97D530A1-73BE-4658-B7B0-BBBD8959B7B2}.Debug|Mixed Platforms.ActiveCfg = Debug|x86
		{97D530A1-73BE-4658-B7B0-BBBD8959B7B2}.Debug|Mixed Platforms.Build.0 = Debug|x86
		{97D530A1-73BE-4658-B7B0-BBBD8959B7B2}.Debug|x86.ActiveCfg = Debug|x86
		{97D530A1-73BE-4658-B7B0-BBBD8959B7B2}.Debug|x86.Build.0 = Debug|x86
		{97D530A1-73BE-4658-B7B0-BBBD8959B7B2}.Release|Any CPU.ActiveCfg = Release|x86
		{97D530A1-73BE-4658-B7B0-BBBD8959B7B2}.Release|Mixed Platforms.ActiveCfg = Release|x86
		{97D530A1-73BE-4658-B7B0-BBBD8959B7B2}.Release|Mixed Platforms.Build.0 = Release|x86
		{97D530A1-73BE-4658-B7B0-BBBD8959B7B2}.Release|x86.ActiveCfg = Release|x86
		{97D530A1-73BE-4658-B7B0-BBBD8959B7B2}.Release|x86.Build.0 = Release|x86
	EndGlobalSection
	GlobalSection(SolutionProperties) = preSolution
		HideSolutionNode = FALSE
	EndGlobalSection
	GlobalSection(NestedProjects) = preSolution
		{F6CACA64-3A9D-49C3-B8ED-0F38829F9551} = {E611A64E-FD59-4CBC-B679-F86FBDD99989}
		{00D7A8A5-DC13-4D16-BB53-96B2F23CD5D0} = {E611A64E-FD59-4CBC-B679-F86FBDD99989}
		{37A9326D-E256-4081-A7C8-D8CE855CFD4F} = {9156CDC8-8BF5-4D07-8846-610AA16A0000}
		{0875BF6D-613C-4399-8ECE-99E582F5FAE8} = {9156CDC8-8BF5-4D07-8846-610AA16A0000}
		{1455C552-84DA-4FE3-A607-2440CAB5C4FF} = {9156CDC8-8BF5-4D07-8846-610AA16A0000}
		{7F4421EB-3901-404C-BDE4-BB8B74A71F29} = {9156CDC8-8BF5-4D07-8846-610AA16A0000}
		{531DE215-58B4-41B7-B042-A281E253A092} = {1F5FA0F5-7EC3-494F-AF4B-70EE503A019D}
		{D3B33BFE-13D6-47BC-8750-9190E6872464} = {1F5FA0F5-7EC3-494F-AF4B-70EE503A019D}
		{57537EF0-8B19-4FCA-AD39-0A08A25B51B9} = {1F5FA0F5-7EC3-494F-AF4B-70EE503A019D}
		{6A6DD3AB-484B-48FD-8BE7-107728A26341} = {F6CACA64-3A9D-49C3-B8ED-0F38829F9551}
		{7F99A10A-2A68-48DA-B7F4-E09C14790BE0} = {F6CACA64-3A9D-49C3-B8ED-0F38829F9551}
		{6201296D-4907-46E1-A57E-A2357B0AF04C} = {F6CACA64-3A9D-49C3-B8ED-0F38829F9551}
		{5B2BB1A0-F2FE-4D88-9A67-52C578BFE98D} = {F6CACA64-3A9D-49C3-B8ED-0F38829F9551}
		{13F89664-A2A4-4E1A-9566-F8BCFD49DA24} = {F6CACA64-3A9D-49C3-B8ED-0F38829F9551}
		{97D530A1-73BE-4658-B7B0-BBBD8959B7B2} = {F6CACA64-3A9D-49C3-B8ED-0F38829F9551}
		{0B90936F-9E33-4106-B9D0-F879C55474EF} = {531DE215-58B4-41B7-B042-A281E253A092}
		{AD7292D4-F745-48BF-9A68-19DCB26F052E} = {531DE215-58B4-41B7-B042-A281E253A092}
		{7D934FBB-4733-45A5-8270-0086950C5E1E} = {531DE215-58B4-41B7-B042-A281E253A092}
		{0B1200B4-72A4-455D-8D6D-1FEEA66BC8F8} = {531DE215-58B4-41B7-B042-A281E253A092}
		{4F54EFA2-8105-4680-997E-DCB8A7231D36} = {D3B33BFE-13D6-47BC-8750-9190E6872464}
		{91D63550-91BE-43AD-9663-2117B7D2E92A} = {D3B33BFE-13D6-47BC-8750-9190E6872464}
		{0A0F1033-3A63-4E0A-B7C3-48A410643D90} = {D3B33BFE-13D6-47BC-8750-9190E6872464}
		{31A85926-DAC1-4023-BDDD-DDE878C396A5} = {D3B33BFE-13D6-47BC-8750-9190E6872464}
	EndGlobalSection
EndGlobal
